{
  "lockfile-version": 1,
  "manifest": {
    "version": 1,
    "install": {
      "aider-chat": {
        "pkg-path": "aider-chat",
        "pkg-group": "aider-chat"
      },
      "curl": {
        "pkg-path": "curl"
      },
      "direnv": {
        "pkg-path": "direnv"
      },
      "git": {
        "pkg-path": "git"
      },
      "neovim": {
        "pkg-path": "neovim",
        "version": "0.10.0"
      },
      "nodejs_20": {
        "pkg-path": "nodejs_20"
      },
      "ripgrep": {
        "pkg-path": "ripgrep"
      },
      "tig": {
        "pkg-path": "tig"
      },
      "tmux": {
        "pkg-path": "tmux"
      },
      "uv": {
        "pkg-path": "uv",
        "pkg-group": "uv",
        "version": "0.4.30"
      },
      "which": {
        "pkg-path": "which"
      }
    },
    "hook": {},
    "profile": {},
    "options": {
      "systems": [
        "x86_64-linux"
      ],
      "allow": {
        "licenses": []
      },
      "semver": {}
    }
  },
  "packages": [
    {
      "attr_path": "aider-chat",
      "broken": false,
      "derivation": "/nix/store/1k5w8y60xkqswhqpnphk1i561y95fmba-aider-chat-0.62.0.drv",
      "description": "AI pair programming in your terminal",
      "install_id": "aider-chat",
      "license": "Apache-2.0",
      "locked_url": "https://github.com/flox/nixpkgs?rev=4633a7c72337ea8fd23a4f2ba3972865e3ec685d",
      "name": "aider-chat-0.62.0",
      "pname": "aider-chat",
      "rev": "4633a7c72337ea8fd23a4f2ba3972865e3ec685d",
      "rev_count": 712559,
      "rev_date": "2024-11-25T07:53:41Z",
      "scrape_date": "2024-11-27T03:52:37Z",
      "stabilities": [
        "unstable"
      ],
      "unfree": false,
      "version": "0.62.0",
      "outputs_to_install": [
        "out"
      ],
      "outputs": {
        "dist": "/nix/store/mr4g1n1aahvy2qj5pxqca64rdzbxdzlj-aider-chat-0.62.0-dist",
        "out": "/nix/store/g74y2z8d72f1ibp7xfwfp190hlc0jx70-aider-chat-0.62.0"
      },
      "system": "x86_64-linux",
      "group": "aider-chat",
      "priority": 5
    },
    {
      "attr_path": "curl",
      "broken": false,
      "derivation": "/nix/store/fb1ym869iq17y527l90qyg7n573hiacr-curl-8.8.0.drv",
      "description": "Command line tool for transferring files with URL syntax",
      "install_id": "curl",
      "license": "curl",
      "locked_url": "https://github.com/flox/nixpkgs?rev=dc14ed91132ee3a26255d01d8fd0c1f5bff27b2f",
      "name": "curl-8.8.0",
      "pname": "curl",
      "rev": "dc14ed91132ee3a26255d01d8fd0c1f5bff27b2f",
      "rev_count": 656713,
      "rev_date": "2024-07-23T13:58:26Z",
      "scrape_date": "2024-07-26T01:12:46Z",
      "stabilities": [
        "stable",
        "staging",
        "unstable"
      ],
      "unfree": false,
      "version": "8.8.0",
      "outputs_to_install": [
        "bin",
        "man"
      ],
      "outputs": {
        "bin": "/nix/store/did64gsb4sn6xvylw6cswa7697avdrsb-curl-8.8.0-bin",
        "debug": "/nix/store/9nqslsdd8r8wxhmgw8yl6l1qc2v009pp-curl-8.8.0-debug",
        "dev": "/nix/store/x7s28vblgi5xwzgxfh5sll9f28hdgi48-curl-8.8.0-dev",
        "devdoc": "/nix/store/2bjzhf7skvllpb2n6cbqnhcchbqnmzab-curl-8.8.0-devdoc",
        "man": "/nix/store/aqbglj841rmaxk8ngbf5wilakwqw2wyb-curl-8.8.0-man",
        "out": "/nix/store/nbnlwb2crbbg9kwchflrwap6w7icf3ah-curl-8.8.0"
      },
      "system": "x86_64-linux",
      "group": "toplevel",
      "priority": 5
    },
    {
      "attr_path": "direnv",
      "broken": false,
      "derivation": "/nix/store/hfh8ndl237pl1lldmizdnk0v6pn9mgbx-direnv-2.34.0.drv",
      "description": "Shell extension that manages your environment",
      "install_id": "direnv",
      "license": "MIT",
      "locked_url": "https://github.com/flox/nixpkgs?rev=dc14ed91132ee3a26255d01d8fd0c1f5bff27b2f",
      "name": "direnv-2.34.0",
      "pname": "direnv",
      "rev": "dc14ed91132ee3a26255d01d8fd0c1f5bff27b2f",
      "rev_count": 656713,
      "rev_date": "2024-07-23T13:58:26Z",
      "scrape_date": "2024-07-26T01:12:46Z",
      "stabilities": [
        "stable",
        "staging",
        "unstable"
      ],
      "unfree": false,
      "version": "2.34.0",
      "outputs_to_install": [
        "out"
      ],
      "outputs": {
        "out": "/nix/store/8l9j9kdv9m0z0s30lp4yvrc9s5bcbgmx-direnv-2.34.0"
      },
      "system": "x86_64-linux",
      "group": "toplevel",
      "priority": 5
    },
    {
      "attr_path": "git",
      "broken": false,
      "derivation": "/nix/store/bp1fc3bgyrazrn4lh9d6mf55lyy7mh40-git-2.45.2.drv",
      "description": "Distributed version control system",
      "install_id": "git",
      "license": "GPL-2.0",
      "locked_url": "https://github.com/flox/nixpkgs?rev=dc14ed91132ee3a26255d01d8fd0c1f5bff27b2f",
      "name": "git-2.45.2",
      "pname": "git",
      "rev": "dc14ed91132ee3a26255d01d8fd0c1f5bff27b2f",
      "rev_count": 656713,
      "rev_date": "2024-07-23T13:58:26Z",
      "scrape_date": "2024-07-26T01:12:46Z",
      "stabilities": [
        "stable",
        "staging",
        "unstable"
      ],
      "unfree": false,
      "version": "2.45.2",
      "outputs_to_install": [
        "out"
      ],
      "outputs": {
        "debug": "/nix/store/sir55fajrmsv6zwjx31rip93yz1x0mjy-git-2.45.2-debug",
        "doc": "/nix/store/iw4nz88jqklmjz5wr8dzxwdlswhr2rgi-git-2.45.2-doc",
        "out": "/nix/store/ln3rnyn8yklr8j21a9i6s0s501lhdii6-git-2.45.2"
      },
      "system": "x86_64-linux",
      "group": "toplevel",
      "priority": 5
    },
    {
      "attr_path": "neovim",
      "broken": false,
      "derivation": "/nix/store/2agjkmgxjh7js5khd2k3c6rirbxks7ab-neovim-0.10.0.drv",
      "description": "Vim text editor fork focused on extensibility and agility",
      "install_id": "neovim",
      "license": "[ Apache-2.0, Vim ]",
      "locked_url": "https://github.com/flox/nixpkgs?rev=dc14ed91132ee3a26255d01d8fd0c1f5bff27b2f",
      "name": "neovim-0.10.0",
      "pname": "neovim",
      "rev": "dc14ed91132ee3a26255d01d8fd0c1f5bff27b2f",
      "rev_count": 656713,
      "rev_date": "2024-07-23T13:58:26Z",
      "scrape_date": "2024-07-26T01:12:46Z",
      "stabilities": [
        "stable",
        "staging",
        "unstable"
      ],
      "unfree": false,
      "version": "0.10.0",
      "outputs_to_install": [
        "out"
      ],
      "outputs": {
        "out": "/nix/store/xsqpns8p3czs19dcsl7iri48lqz2mlg9-neovim-0.10.0"
      },
      "system": "x86_64-linux",
      "group": "toplevel",
      "priority": 5
    },
    {
      "attr_path": "nodejs_20",
      "broken": false,
      "derivation": "/nix/store/7hyc9v44b6gidfxgj1lip9h1338w6skb-nodejs-20.14.0.drv",
      "description": "Event-driven I/O framework for the V8 JavaScript engine",
      "install_id": "nodejs_20",
      "license": "MIT",
      "locked_url": "https://github.com/flox/nixpkgs?rev=dc14ed91132ee3a26255d01d8fd0c1f5bff27b2f",
      "name": "nodejs-20.14.0",
      "pname": "nodejs_20",
      "rev": "dc14ed91132ee3a26255d01d8fd0c1f5bff27b2f",
      "rev_count": 656713,
      "rev_date": "2024-07-23T13:58:26Z",
      "scrape_date": "2024-07-26T01:12:46Z",
      "stabilities": [
        "stable",
        "staging",
        "unstable"
      ],
      "unfree": false,
      "version": "nodejs-20.14.0",
      "outputs_to_install": [
        "out"
      ],
      "outputs": {
        "libv8": "/nix/store/2qaf68dzimr8as4bgli0xmsn11c0ah2j-nodejs-20.14.0-libv8",
        "out": "/nix/store/ilkfhnqz4xczrliqjva8770x2svbfznd-nodejs-20.14.0"
      },
      "system": "x86_64-linux",
      "group": "toplevel",
      "priority": 5
    },
    {
      "attr_path": "ripgrep",
      "broken": false,
      "derivation": "/nix/store/ji0hg0i7xq671fpwrkqhfinz1hlzg3hh-ripgrep-14.1.0.drv",
      "description": "Utility that combines the usability of The Silver Searcher with the raw speed of grep",
      "install_id": "ripgrep",
      "license": "[ Unlicense, MIT ]",
      "locked_url": "https://github.com/flox/nixpkgs?rev=dc14ed91132ee3a26255d01d8fd0c1f5bff27b2f",
      "name": "ripgrep-14.1.0",
      "pname": "ripgrep",
      "rev": "dc14ed91132ee3a26255d01d8fd0c1f5bff27b2f",
      "rev_count": 656713,
      "rev_date": "2024-07-23T13:58:26Z",
      "scrape_date": "2024-07-26T01:12:46Z",
      "stabilities": [
        "stable",
        "staging",
        "unstable"
      ],
      "unfree": false,
      "version": "14.1.0",
      "outputs_to_install": [
        "out"
      ],
      "outputs": {
        "out": "/nix/store/fnfmwb3s676q4hz9izxp1x1mpby2z75x-ripgrep-14.1.0"
      },
      "system": "x86_64-linux",
      "group": "toplevel",
      "priority": 5
    },
    {
      "attr_path": "tig",
      "broken": false,
      "derivation": "/nix/store/rlqkx7mqw2z7x4z8b4082wxgq23zy0h9-tig-2.5.10.drv",
      "description": "Text-mode interface for git",
      "install_id": "tig",
      "license": "GPL-2.0-or-later",
      "locked_url": "https://github.com/flox/nixpkgs?rev=dc14ed91132ee3a26255d01d8fd0c1f5bff27b2f",
      "name": "tig-2.5.10",
      "pname": "tig",
      "rev": "dc14ed91132ee3a26255d01d8fd0c1f5bff27b2f",
      "rev_count": 656713,
      "rev_date": "2024-07-23T13:58:26Z",
      "scrape_date": "2024-07-26T01:12:46Z",
      "stabilities": [
        "stable",
        "staging",
        "unstable"
      ],
      "unfree": false,
      "version": "2.5.10",
      "outputs_to_install": [
        "out"
      ],
      "outputs": {
        "out": "/nix/store/x0wycgq67x5cdicassk2lhcrnlk3fzgr-tig-2.5.10"
      },
      "system": "x86_64-linux",
      "group": "toplevel",
      "priority": 5
    },
    {
      "attr_path": "tmux",
      "broken": false,
      "derivation": "/nix/store/yd3lnkfb0nyqxm1sff886jyyy4i00vj6-tmux-3.4.drv",
      "description": "Terminal multiplexer",
      "install_id": "tmux",
      "license": "BSD-3-Clause",
      "locked_url": "https://github.com/flox/nixpkgs?rev=dc14ed91132ee3a26255d01d8fd0c1f5bff27b2f",
      "name": "tmux-3.4",
      "pname": "tmux",
      "rev": "dc14ed91132ee3a26255d01d8fd0c1f5bff27b2f",
      "rev_count": 656713,
      "rev_date": "2024-07-23T13:58:26Z",
      "scrape_date": "2024-07-26T01:12:46Z",
      "stabilities": [
        "stable",
        "staging",
        "unstable"
      ],
      "unfree": false,
      "version": "3.4",
      "outputs_to_install": [
        "out",
        "man"
      ],
      "outputs": {
        "man": "/nix/store/y5794m0jafpl5hhk2d5mnhwgxb8940wg-tmux-3.4-man",
        "out": "/nix/store/mggcawid56wrx269q9kzgvwwjd46zaar-tmux-3.4"
      },
      "system": "x86_64-linux",
      "group": "toplevel",
      "priority": 5
    },
    {
      "attr_path": "which",
      "broken": false,
      "derivation": "/nix/store/nbi5cjc75lck27gsm74z9wrsshy8dhkz-which-2.21.drv",
      "description": "Shows the full path of (shell) commands",
      "install_id": "which",
      "license": "GPL-3.0-or-later",
      "locked_url": "https://github.com/flox/nixpkgs?rev=dc14ed91132ee3a26255d01d8fd0c1f5bff27b2f",
      "name": "which-2.21",
      "pname": "which",
      "rev": "dc14ed91132ee3a26255d01d8fd0c1f5bff27b2f",
      "rev_count": 656713,
      "rev_date": "2024-07-23T13:58:26Z",
      "scrape_date": "2024-07-26T01:12:46Z",
      "stabilities": [
        "stable",
        "staging",
        "unstable"
      ],
      "unfree": false,
      "version": "2.21",
      "outputs_to_install": [
        "out"
      ],
      "outputs": {
        "out": "/nix/store/6rwmygda5wq13ryd1aslyyzb0zz4rrd2-which-2.21"
      },
      "system": "x86_64-linux",
      "group": "toplevel",
      "priority": 5
    },
    {
      "attr_path": "uv",
      "broken": false,
      "derivation": "/nix/store/r32ga1dwq6x6l4fckkfil4aqq6wzyir4-uv-0.4.30.drv",
      "description": "Extremely fast Python package installer and resolver, written in Rust",
      "install_id": "uv",
      "license": "[ Apache-2.0, MIT ]",
      "locked_url": "https://github.com/flox/nixpkgs?rev=4633a7c72337ea8fd23a4f2ba3972865e3ec685d",
      "name": "uv-0.4.30",
      "pname": "uv",
      "rev": "4633a7c72337ea8fd23a4f2ba3972865e3ec685d",
      "rev_count": 712559,
      "rev_date": "2024-11-25T07:53:41Z",
      "scrape_date": "2024-11-27T03:52:37Z",
      "stabilities": [
        "unstable"
      ],
      "unfree": false,
      "version": "0.4.30",
      "outputs_to_install": [
        "out"
      ],
      "outputs": {
        "dist": "/nix/store/ys3ydh0p7ir68m81v3yqyh4aqjpyk1rb-uv-0.4.30-dist",
        "out": "/nix/store/plgmjfks0wb6v307dixvvcq5w4vldjzz-uv-0.4.30"
      },
      "system": "x86_64-linux",
      "group": "uv",
      "priority": 5
    }
  ]
}